
Microsoft Visual Studio Solution File, Format Version 12.00
# Visual Studio Version 17
VisualStudioVersion = 17.12.35514.174
MinimumVisualStudioVersion = 10.0.40219.1
Project("{FAE04EC0-301F-11D3-BF4B-00C04F79EFBC}") = "Calculations", "Calculations\Calculations.csproj", "{58F834B8-C64D-446A-9009-0A30A6CC4D47}"
EndProject
Project("{FAE04EC0-301F-11D3-BF4B-00C04F79EFBC}") = "Tester", "Tester\Tester.csproj", "{EA7FE3D9-8675-4EAB-BD3A-33235FEC2D40}"
EndProject
Global
	GlobalSection(SolutionConfigurationPlatforms) = preSolution
		Debug|Any CPU = Debug|Any CPU
		Release|Any CPU = Release|Any CPU
	EndGlobalSection
	GlobalSection(ProjectConfigurationPlatforms) = postSolution
		{58F834B8-C64D-446A-9009-0A30A6CC4D47}.Debug|Any CPU.ActiveCfg = Debug|Any CPU
		{58F834B8-C64D-446A-9009-0A30A6CC4D47}.Debug|Any CPU.Build.0 = Debug|Any CPU
		{58F834B8-C64D-446A-9009-0A30A6CC4D47}.Release|Any CPU.ActiveCfg = Release|Any CPU
		{58F834B8-C64D-446A-9009-0A30A6CC4D47}.Release|Any CPU.Build.0 = Release|Any CPU
		{EA7FE3D9-8675-4EAB-BD3A-33235FEC2D40}.Debug|Any CPU.ActiveCfg = Debug|Any CPU
		{EA7FE3D9-8675-4EAB-BD3A-33235FEC2D40}.Debug|Any CPU.Build.0 = Debug|Any CPU
		{EA7FE3D9-8675-4EAB-BD3A-33235FEC2D40}.Release|Any CPU.ActiveCfg = Release|Any CPU
		{EA7FE3D9-8675-4EAB-BD3A-33235FEC2D40}.Release|Any CPU.Build.0 = Release|Any CPU
	EndGlobalSection
	GlobalSection(SolutionProperties) = preSolution
		HideSolutionNode = FALSE
	EndGlobalSection
EndGlobal
